{
    "_readme": [
        "This file locks the dependencies of your project to a known state",
        "Read more about it at https://getcomposer.org/doc/01-basic-usage.md#composer-lock-the-lock-file",
        "This file is @generated automatically"
    ],
    "content-hash": "9d8b353274e27e7409f23b754bb31f7e",
    "packages": [
        {
            "name": "vanilla/garden-schema",
            "version": "dev-master",
            "source": {
                "type": "git",
                "url": "https://github.com/vanilla/garden-schema.git",
                "reference": "009802b184cd4c66a65257ba8b429f1a444b610a"
            },
            "dist": {
                "type": "zip",
                "url": "https://api.github.com/repos/vanilla/garden-schema/zipball/009802b184cd4c66a65257ba8b429f1a444b610a",
                "reference": "009802b184cd4c66a65257ba8b429f1a444b610a",
                "shasum": ""
            },
            "require": {
                "php": ">=5.6.0"
            },
            "type": "library",
            "autoload": {
                "psr-4": {
                    "Garden\\Schema\\": "src"
                }
            },
            "notification-url": "https://packagist.org/downloads/",
            "license": [
                "MIT"
            ],
            "authors": [
                {
                    "name": "Todd Burry",
                    "email": "todd@vanillaforums.com"
                }
            ],
            "description": "A simple data validation and cleaning library based on JSON Schema.",
            "time": "2018-05-25T14:30:29+00:00"
        }
    ],
    "packages-dev": [],
    "aliases": [],
    "minimum-stability": "dev",
    "stability-flags": {
        "vanilla/garden-schema": 20
    },
    "prefer-stable": false,
    "prefer-lowest": false,
    "platform": [],
    "platform-dev": []
}
